PODS:
  - Alamofire (4.9.1)
  - Braintree (4.30.2):
    - Braintree/Card (= 4.30.2)
    - Braintree/Core (= 4.30.2)
    - Braintree/PayPal (= 4.30.2)
    - Braintree/UI (= 4.30.2)
  - Braintree/Card (4.30.2):
    - Braintree/Core
  - Braintree/Core (4.30.2)
  - Braintree/PayPal (4.30.2):
    - Braintree/Core
    - Braintree/PayPalOneTouch
  - Braintree/PayPalDataCollector (4.30.2):
    - Braintree/Core
    - Braintree/PayPalUtils
  - Braintree/PayPalOneTouch (4.30.2):
    - Braintree/Core
    - Braintree/PayPalDataCollector
    - Braintree/PayPalUtils
  - Braintree/PayPalUtils (4.30.2)
  - Braintree/UI (4.30.2):
    - Braintree/Card
    - Braintree/Core
  - FBSDKCoreKit (5.11.0):
    - FBSDKCoreKit/Basics (= 5.11.0)
    - FBSDKCoreKit/Core (= 5.11.0)
  - FBSDKCoreKit/Basics (5.11.0)
  - FBSDKCoreKit/Core (5.11.0):
    - FBSDKCoreKit/Basics
  - FBSDKLoginKit (5.11.0):
    - FBSDKLoginKit/Login (= 5.11.0)
  - FBSDKLoginKit/Login (5.11.0):
    - FBSDKCoreKit (~> 5.0)
  - FBSDKShareKit (5.11.0):
    - FBSDKShareKit/Share (= 5.11.0)
  - FBSDKShareKit/Share (5.11.0):
    - FBSDKCoreKit (~> 5.0)
  - Firebase/Analytics (6.13.0):
    - Firebase/Core
  - Firebase/Core (6.13.0):
    - Firebase/CoreOnly
    - FirebaseAnalytics (= 6.1.6)
  - Firebase/CoreOnly (6.13.0):
    - FirebaseCore (= 6.4.0)
  - Firebase/Messaging (6.13.0):
    - Firebase/CoreOnly
    - FirebaseMessaging (~> 4.1.9)
  - FirebaseAnalytics (6.1.6):
    - FirebaseCore (~> 6.4)
    - FirebaseInstanceID (~> 4.2)
    - GoogleAppMeasurement (= 6.1.6)
    - GoogleUtilities/AppDelegateSwizzler (~> 6.0)
    - GoogleUtilities/MethodSwizzler (~> 6.0)
    - GoogleUtilities/Network (~> 6.0)
    - "GoogleUtilities/NSData+zlib (~> 6.0)"
    - nanopb (= 0.3.9011)
  - FirebaseAnalyticsInterop (1.5.0)
  - FirebaseCore (6.4.0):
    - FirebaseCoreDiagnostics (~> 1.0)
    - FirebaseCoreDiagnosticsInterop (~> 1.0)
    - GoogleUtilities/Environment (~> 6.2)
    - GoogleUtilities/Logger (~> 6.2)
  - FirebaseCoreDiagnostics (1.1.1):
    - FirebaseCoreDiagnosticsInterop (~> 1.0)
    - GoogleDataTransportCCTSupport (~> 1.0)
    - GoogleUtilities/Environment (~> 6.2)
    - GoogleUtilities/Logger (~> 6.2)
    - nanopb (~> 0.3.901)
  - FirebaseCoreDiagnosticsInterop (1.1.0)
  - FirebaseInstanceID (4.2.7):
    - FirebaseCore (~> 6.0)
    - GoogleUtilities/Environment (~> 6.0)
    - GoogleUtilities/UserDefaults (~> 6.0)
  - FirebaseMessaging (4.1.10):
    - FirebaseAnalyticsInterop (~> 1.3)
    - FirebaseCore (~> 6.2)
    - FirebaseInstanceID (~> 4.1)
    - GoogleUtilities/AppDelegateSwizzler (~> 6.2)
    - GoogleUtilities/Environment (~> 6.2)
    - GoogleUtilities/Reachability (~> 6.2)
    - GoogleUtilities/UserDefaults (~> 6.2)
    - Protobuf (>= 3.9.2, ~> 3.9)
  - Floaty (4.2.0)
  - GoogleAppMeasurement (6.1.6):
    - GoogleUtilities/AppDelegateSwizzler (~> 6.0)
    - GoogleUtilities/MethodSwizzler (~> 6.0)
    - GoogleUtilities/Network (~> 6.0)
    - "GoogleUtilities/NSData+zlib (~> 6.0)"
    - nanopb (= 0.3.9011)
  - GoogleDataTransport (3.1.0)
  - GoogleDataTransportCCTSupport (1.2.1):
    - GoogleDataTransport (~> 3.0)
    - nanopb (~> 0.3.901)
  - GoogleUtilities/AppDelegateSwizzler (6.3.2):
    - GoogleUtilities/Environment
    - GoogleUtilities/Logger
    - GoogleUtilities/Network
  - GoogleUtilities/Environment (6.3.2)
  - GoogleUtilities/Logger (6.3.2):
    - GoogleUtilities/Environment
  - GoogleUtilities/MethodSwizzler (6.3.2):
    - GoogleUtilities/Logger
  - GoogleUtilities/Network (6.3.2):
    - GoogleUtilities/Logger
    - "GoogleUtilities/NSData+zlib"
    - GoogleUtilities/Reachability
  - "GoogleUtilities/NSData+zlib (6.3.2)"
  - GoogleUtilities/Reachability (6.3.2):
    - GoogleUtilities/Logger
  - GoogleUtilities/UserDefaults (6.3.2):
    - GoogleUtilities/Logger
  - GTProgressBar (0.3.3)
  - IQKeyboardManagerSwift (6.5.4)
  - KeychainSwift (18.0.0)
  - libwebp (1.2.1):
    - libwebp/demux (= 1.2.1)
    - libwebp/mux (= 1.2.1)
    - libwebp/webp (= 1.2.1)
  - libwebp/demux (1.2.1):
    - libwebp/webp
  - libwebp/mux (1.2.1):
    - libwebp/demux
  - libwebp/webp (1.2.1)
  - nanopb (0.3.9011):
    - nanopb/decode (= 0.3.9011)
    - nanopb/encode (= 0.3.9011)
  - nanopb/decode (0.3.9011)
  - nanopb/encode (0.3.9011)
  - NVActivityIndicatorView (4.8.0):
    - NVActivityIndicatorView/Presenter (= 4.8.0)
  - NVActivityIndicatorView/Presenter (4.8.0)
  - PayCardsRecognizer (1.1.6)
  - Protobuf (3.11.4)
  - SDWebImage (5.2.5):
    - SDWebImage/Core (= 5.2.5)
  - SDWebImage/Core (5.2.5)
  - SDWebImageWebPCoder (0.3.1):
    - libwebp (~> 1.0)
    - SDWebImage/Core (~> 5.0)
  - SwiftAudio (0.11.2)

DEPENDENCIES:
  - Alamofire
  - Braintree
  - FBSDKCoreKit
  - FBSDKLoginKit
  - FBSDKShareKit
  - Firebase/Analytics
  - Firebase/Core
  - Firebase/Messaging
  - Floaty (~> 4.2.0)
  - GTProgressBar
  - IQKeyboardManagerSwift
  - KeychainSwift
  - NVActivityIndicatorView
  - PayCardsRecognizer
  - SDWebImage
  - SDWebImageWebPCoder
  - SwiftAudio (~> 0.11.2)

SPEC REPOS:
  trunk:
    - Alamofire
    - Braintree
    - FBSDKCoreKit
    - FBSDKLoginKit
    - FBSDKShareKit
    - Firebase
    - FirebaseAnalytics
    - FirebaseAnalyticsInterop
    - FirebaseCore
    - FirebaseCoreDiagnostics
    - FirebaseCoreDiagnosticsInterop
    - FirebaseInstanceID
    - FirebaseMessaging
    - Floaty
    - GoogleAppMeasurement
    - GoogleDataTransport
    - GoogleDataTransportCCTSupport
    - GoogleUtilities
    - GTProgressBar
    - IQKeyboardManagerSwift
    - KeychainSwift
    - libwebp
    - nanopb
    - NVActivityIndicatorView
    - PayCardsRecognizer
    - Protobuf
    - SDWebImage
    - SDWebImageWebPCoder
    - SwiftAudio

SPEC CHECKSUMS:
  Alamofire: 85e8a02c69d6020a0d734f6054870d7ecb75cf18
  Braintree: 9fc21dc2ead57d104c4a0743454308e404217ec7
  FBSDKCoreKit: 9fbfb5b0022d34861bfa6b79f56f8e2ddcd8170b
  FBSDKLoginKit: 0e976e0c91ee69dd5dc69062c095205146f1dd9f
  FBSDKShareKit: 6f8781da6fca79fe64830fd3404add0660d9f139
  Firebase: 458d109512200d1aca2e1b9b6cf7d68a869a4a46
  FirebaseAnalytics: 45f36d9c429fc91d206283900ab75390cd05ee8a
  FirebaseAnalyticsInterop: 3f86269c38ae41f47afeb43ebf32a001f58fcdae
  FirebaseCore: 307ea2508df730c5865334e41965bd9ea344b0e5
  FirebaseCoreDiagnostics: af29e43048607588c050889d19204f4d7b758c9f
  FirebaseCoreDiagnosticsInterop: e9b1b023157e3a2fc6418b5cb601e79b9af7b3a0
  FirebaseInstanceID: ebd2ea79ee38db0cb5f5167b17a0d387e1cc7b6e
  FirebaseMessaging: 089b7a4991425783384acc8bcefcd78c0af913bd
  Floaty: e2bd5a0f6f7f70899e26ff2da31081c8bee8d1b0
  GoogleAppMeasurement: dfe55efa543e899d906309eaaac6ca26d249862f
  GoogleDataTransport: 67cc56f6280d1bc9d470285e851ec49ee9013dba
  GoogleDataTransportCCTSupport: f6ab1962e9dc05ab1fb938b795e5b310209edeec
  GoogleUtilities: 547a86735c6f0ee30ad17e94df4fc21f616b71cb
  GTProgressBar: a480283ecb0ada50de16c71e634892826928f640
  IQKeyboardManagerSwift: 2dde0fc70110e8eac7ccce2a46fdbec6a850b414
  KeychainSwift: c46e1438d121e47459fb304ac88c5e058a2a91ed
  libwebp: 98a37e597e40bfdb4c911fc98f2c53d0b12d05fc
  nanopb: 18003b5e52dab79db540fe93fe9579f399bd1ccd
  NVActivityIndicatorView: d24b7ebcf80af5dcd994adb650e2b6c93379270f
  PayCardsRecognizer: 0b4b4e4ff54cf5b2d15c65c27150497711dbaabc
  Protobuf: 176220c526ad8bd09ab1fb40a978eac3fef665f7
  SDWebImage: 4eabf2fa6695c95c47724214417a9c036c965e4a
  SDWebImageWebPCoder: ce58a29621c2806dd5c36695ed192cf67163ff9d
  SwiftAudio: 217f5f184b27a0e25ff0fe7647021f05a21c06c9

PODFILE CHECKSUM: 93ad259c8ac12b7af1f8a3aa1eff5559aada1682

COCOAPODS: 1.10.1
